
Microsoft Visual Studio Solution File, Format Version 12.00
# Visual Studio Version 16
VisualStudioVersion = 16.0.30621.155
MinimumVisualStudioVersion = 10.0.40219.1
Project("{FAE04EC0-301F-11D3-BF4B-00C04F79EFBC}") = "web-api-metrics", "web-api-metrics\web-api-metrics.csproj", "{AD63CC62-F9DC-4F05-8586-DD4AF2AAA3DC}"
EndProject
Global
	GlobalSection(SolutionConfigurationPlatforms) = preSolution
		Debug|Any CPU = Debug|Any CPU
		Release|Any CPU = Release|Any CPU
	EndGlobalSection
	GlobalSection(ProjectConfigurationPlatforms) = postSolution
		{AD63CC62-F9DC-4F05-8586-DD4AF2AAA3DC}.Debug|Any CPU.ActiveCfg = Debug|Any CPU
		{AD63CC62-F9DC-4F05-8586-DD4AF2AAA3DC}.Debug|Any CPU.Build.0 = Debug|Any CPU
		{AD63CC62-F9DC-4F05-8586-DD4AF2AAA3DC}.Release|Any CPU.ActiveCfg = Release|Any CPU
		{AD63CC62-F9DC-4F05-8586-DD4AF2AAA3DC}.Release|Any CPU.Build.0 = Release|Any CPU
	EndGlobalSection
	GlobalSection(SolutionProperties) = preSolution
		HideSolutionNode = FALSE
	EndGlobalSection
	GlobalSection(ExtensibilityGlobals) = postSolution
		SolutionGuid = {1981FCE1-B06A-40F3-AE99-FF62A20A86E5}
	EndGlobalSection
EndGlobal
